# THIS IS AN AUTOGENERATED FILE. DO NOT EDIT THIS FILE DIRECTLY.
# yarn lockfile v1


typescript@^4.1.0-dev.20200820:
  version "4.1.0-dev.20200820"
  resolved "https://registry.yarnpkg.com/typescript/-/typescript-4.1.0-dev.20200820.tgz#97ef0e0c6431afb6817b65bcbc2b48add2ebb5e2"
  integrity sha512-mI5VyZb10apBesxPGohKGPsqGWPzXC+nmJePVXeAXdgGb10w+yGkXU+ctPWZzeCjMhLK/F3IhsoN3unXYq0Zow==
